
Microsoft Visual Studio Solution File, Format Version 12.00
# Visual Studio Version 17
VisualStudioVersion = 17.13.35931.197 d17.13
MinimumVisualStudioVersion = 10.0.40219.1
Project("{FAE04EC0-301F-11D3-BF4B-00C04F79EFBC}") = "help", "help.csproj", "{7F46C537-34EA-4EC7-8C22-DFD377EC9BAD}"
EndProject
Global
	GlobalSection(SolutionConfigurationPlatforms) = preSolution
		Debug|Any CPU = Debug|Any CPU
		Release|Any CPU = Release|Any CPU
	EndGlobalSection
	GlobalSection(ProjectConfigurationPlatforms) = postSolution
		{7F46C537-34EA-4EC7-8C22-DFD377EC9BAD}.Debug|Any CPU.ActiveCfg = Debug|Any CPU
		{7F46C537-34EA-4EC7-8C22-DFD377EC9BAD}.Debug|Any CPU.Build.0 = Debug|Any CPU
		{7F46C537-34EA-4EC7-8C22-DFD377EC9BAD}.Release|Any CPU.ActiveCfg = Release|Any CPU
		{7F46C537-34EA-4EC7-8C22-DFD377EC9BAD}.Release|Any CPU.Build.0 = Release|Any CPU
	EndGlobalSection
	GlobalSection(SolutionProperties) = preSolution
		HideSolutionNode = FALSE
	EndGlobalSection
	GlobalSection(ExtensibilityGlobals) = postSolution
		SolutionGuid = {4AB93D6B-78FA-41DE-8E2D-DC3A7F07AC3B}
	EndGlobalSection
EndGlobal
